{
  "nodes": {
    "nixpkgs": {
      "locked": {
        "lastModified": 1761953222,
        "narHash": "sha256-ltZdF/GrN//F0h8skumzjVoEO+jktnjsbaC+MjD5I+Q=",
        "owner": "nixos",
        "repo": "nixpkgs",
        "rev": "7d3344b9b4ab985951c974522f52623eee6f6982",
        "type": "github"
      },
      "original": {
        "owner": "nixos",
        "repo": "nixpkgs",
        "type": "github"
      }
    },
    "root": {
      "inputs": {
        "nixpkgs": "nixpkgs"
      }
    }
  },
  "root": "root",
  "version": 7
}

